// !$*UTF8*$!
{
	archiveVersion = 1;
	classes = {
	};
	objectVersion = 77;
	objects = {

/* Begin PBXContainerItemProxy section */
		A1E241192CFF4C41009DE55C /* PBXContainerItemProxy */ = {
			isa = PBXContainerItemProxy;
			containerPortal = A1E241002CFF4C3F009DE55C /* Project object */;
			proxyType = 1;
			remoteGlobalIDString = A1E241072CFF4C3F009DE55C;
			remoteInfo = ella_photo_editor;
		};
		A1E241232CFF4C41009DE55C /* PBXContainerItemProxy */ = {
			isa = PBXContainerItemProxy;
			containerPortal = A1E241002CFF4C3F009DE55C /* Project object */;
			proxyType = 1;
			remoteGlobalIDString = A1E241072CFF4C3F009DE55C;
			remoteInfo = ella_photo_editor;
		};
/* End PBXContainerItemProxy section */

/* Begin PBXFileReference section */
		A1E241082CFF4C3F009DE55C /* ella_photo_editor.app */ = {isa = PBXFileReference; explicitFileType = wrapper.application; includeInIndex = 0; path = ella_photo_editor.app; sourceTree = BUILT_PRODUCTS_DIR; };
		A1E241182CFF4C41009DE55C /* ella_photo_editorTests.xctest */ = {isa = PBXFileReference; explicitFileType = wrapper.cfbundle; includeInIndex = 0; path = ella_photo_editorTests.xctest; sourceTree = BUILT_PRODUCTS_DIR; };
		A1E241222CFF4C41009DE55C /* ella_photo_editorUITests.xctest */ = {isa = PBXFileReference; explicitFileType = wrapper.cfbundle; includeInIndex = 0; path = ella_photo_editorUITests.xctest; sourceTree = BUILT_PRODUCTS_DIR; };
/* End PBXFileReference section */

/* Begin PBXFileSystemSynchronizedRootGroup section */
		A1E2410A2CFF4C3F009DE55C /* ella_photo_editor */ = {
			isa = PBXFileSystemSynchronizedRootGroup;
			path = ella_photo_editor;
			sourceTree = "<group>";
		};
		A1E2411B2CFF4C41009DE55C /* ella_photo_editorTests */ = {
			isa = PBXFileSystemSynchronizedRootGroup;
			path = ella_photo_editorTests;
			sourceTree = "<group>";
		};
		A1E241252CFF4C41009DE55C /* ella_photo_editorUITests */ = {
			isa = PBXFileSystemSynchronizedRootGroup;
			path = ella_photo_editorUITests;
			sourceTree = "<group>";
		};
/* End PBXFileSystemSynchronizedRootGroup section */

/* Begin PBXFrameworksBuildPhase section */
		A1E241052CFF4C3F009DE55C /* Frameworks */ = {
			isa = PBXFrameworksBuildPhase;
			buildActionMask = 2147483647;
			files = (
			);
			runOnlyForDeploymentPostprocessing = 0;
		};
		A1E241152CFF4C41009DE55C /* Frameworks */ = {
			isa = PBXFrameworksBuildPhase;
			buildActionMask = 2147483647;
			files = (
			);
			runOnlyForDeploymentPostprocessing = 0;
		};
		A1E2411F2CFF4C41009DE55C /* Frameworks */ = {
			isa = PBXFrameworksBuildPhase;
			buildActionMask = 2147483647;
			files = (
			);
			runOnlyForDeploymentPostprocessing = 0;
		};
/* End PBXFrameworksBuildPhase section */

/* Begin PBXGroup section */
		A1E240FF2CFF4C3F009DE55C = {
			isa = PBXGroup;
			children = (
				A1E2410A2CFF4C3F009DE55C /* ella_photo_editor */,
				A1E2411B2CFF4C41009DE55C /* ella_photo_editorTests */,
				A1E241252CFF4C41009DE55C /* ella_photo_editorUITests */,
				A1E241092CFF4C3F009DE55C /* Products */,
			);
			sourceTree = "<group>";
		};
		A1E241092CFF4C3F009DE55C /* Products */ = {
			isa = PBXGroup;
			children = (
				A1E241082CFF4C3F009DE55C /* ella_photo_editor.app */,
				A1E241182CFF4C41009DE55C /* ella_photo_editorTests.xctest */,
				A1E241222CFF4C41009DE55C /* ella_photo_editorUITests.xctest */,
			);
			name = Products;
			sourceTree = "<group>";
		};
/* End PBXGroup section */

/* Begin PBXNativeTarget section */
		A1E241072CFF4C3F009DE55C /* ella_photo_editor */ = {
			isa = PBXNativeTarget;
			buildConfigurationList = A1E2412C2CFF4C41009DE55C /* Build configuration list for PBXNativeTarget "ella_photo_editor" */;
			buildPhases = (
				A1E241042CFF4C3F009DE55C /* Sources */,
				A1E241052CFF4C3F009DE55C /* Frameworks */,
				A1E241062CFF4C3F009DE55C /* Resources */,
			);
			buildRules = (
			);
			dependencies = (
			);
			fileSystemSynchronizedGroups = (
				A1E2410A2CFF4C3F009DE55C /* ella_photo_editor */,
			);
			name = ella_photo_editor;
			packageProductDependencies = (
			);
			productName = ella_photo_editor;
			productReference = A1E241082CFF4C3F009DE55C /* ella_photo_editor.app */;
			productType = "com.apple.product-type.application";
		};
		A1E241172CFF4C41009DE55C /* ella_photo_editorTests */ = {
			isa = PBXNativeTarget;
			buildConfigurationList = A1E2412F2CFF4C41009DE55C /* Build configuration list for PBXNativeTarget "ella_photo_editorTests" */;
			buildPhases = (
				A1E241142CFF4C41009DE55C /* Sources */,
				A1E241152CFF4C41009DE55C /* Frameworks */,
				A1E241162CFF4C41009DE55C /* Resources */,
			);
			buildRules = (
			);
			dependencies = (
				A1E2411A2CFF4C41009DE55C /* PBXTargetDependency */,
			);
			fileSystemSynchronizedGroups = (
				A1E2411B2CFF4C41009DE55C /* ella_photo_editorTests */,
			);
			name = ella_photo_editorTests;
			packageProductDependencies = (
			);
			productName = ella_photo_editorTests;
			productReference = A1E241182CFF4C41009DE55C /* ella_photo_editorTests.xctest */;
			productType = "com.apple.product-type.bundle.unit-test";
		};
		A1E241212CFF4C41009DE55C /* ella_photo_editorUITests */ = {
			isa = PBXNativeTarget;
			buildConfigurationList = A1E241322CFF4C41009DE55C /* Build configuration list for PBXNativeTarget "ella_photo_editorUITests" */;
			buildPhases = (
				A1E2411E2CFF4C41009DE55C /* Sources */,
				A1E2411F2CFF4C41009DE55C /* Frameworks */,
				A1E241202CFF4C41009DE55C /* Resources */,
			);
			buildRules = (
			);
			dependencies = (
				A1E241242CFF4C41009DE55C /* PBXTargetDependency */,
			);
			fileSystemSynchronizedGroups = (
				A1E241252CFF4C41009DE55C /* ella_photo_editorUITests */,
			);
			name = ella_photo_editorUITests;
			packageProductDependencies = (
			);
			productName = ella_photo_editorUITests;
			productReference = A1E241222CFF4C41009DE55C /* ella_photo_editorUITests.xctest */;
			productType = "com.apple.product-type.bundle.ui-testing";
		};
/* End PBXNativeTarget section */

/* Begin PBXProject section */
		A1E241002CFF4C3F009DE55C /* Project object */ = {
			isa = PBXProject;
			attributes = {
				BuildIndependentTargetsInParallel = 1;
				LastSwiftUpdateCheck = 1610;
				LastUpgradeCheck = 1610;
				TargetAttributes = {
					A1E241072CFF4C3F009DE55C = {
						CreatedOnToolsVersion = 16.1;
					};
					A1E241172CFF4C41009DE55C = {
						CreatedOnToolsVersion = 16.1;
						TestTargetID = A1E241072CFF4C3F009DE55C;
					};
					A1E241212CFF4C41009DE55C = {
						CreatedOnToolsVersion = 16.1;
						TestTargetID = A1E241072CFF4C3F009DE55C;
					};
				};
			};
			buildConfigurationList = A1E241032CFF4C3F009DE55C /* Build configuration list for PBXProject "ella_photo_editor" */;
			developmentRegion = en;
			hasScannedForEncodings = 0;
			knownRegions = (
				en,
				Base,
			);
			mainGroup = A1E240FF2CFF4C3F009DE55C;
			minimizedProjectReferenceProxies = 1;
			preferredProjectObjectVersion = 77;
			productRefGroup = A1E241092CFF4C3F009DE55C /* Products */;
			projectDirPath = "";
			projectRoot = "";
			targets = (
				A1E241072CFF4C3F009DE55C /* ella_photo_editor */,
				A1E241172CFF4C41009DE55C /* ella_photo_editorTests */,
				A1E241212CFF4C41009DE55C /* ella_photo_editorUITests */,
			);
		};
/* End PBXProject section */

/* Begin PBXResourcesBuildPhase section */
		A1E241062CFF4C3F009DE55C /* Resources */ = {
			isa = PBXResourcesBuildPhase;
			buildActionMask = 2147483647;
			files = (
			);
			runOnlyForDeploymentPostprocessing = 0;
		};
		A1E241162CFF4C41009DE55C /* Resources */ = {
			isa = PBXResourcesBuildPhase;
			buildActionMask = 2147483647;
			files = (
			);
			runOnlyForDeploymentPostprocessing = 0;
		};
		A1E241202CFF4C41009DE55C /* Resources */ = {
			isa = PBXResourcesBuildPhase;
			buildActionMask = 2147483647;
			files = (
			);
			runOnlyForDeploymentPostprocessing = 0;
		};
/* End PBXResourcesBuildPhase section */

/* Begin PBXSourcesBuildPhase section */
		A1E241042CFF4C3F009DE55C /* Sources */ = {
			isa = PBXSourcesBuildPhase;
			buildActionMask = 2147483647;
			files = (
			);
			runOnlyForDeploymentPostprocessing = 0;
		};
		A1E241142CFF4C41009DE55C /* Sources */ = {
			isa = PBXSourcesBuildPhase;
			buildActionMask = 2147483647;
			files = (
			);
			runOnlyForDeploymentPostprocessing = 0;
		};
		A1E2411E2CFF4C41009DE55C /* Sources */ = {
			isa = PBXSourcesBuildPhase;
			buildActionMask = 2147483647;
			files = (
			);
			runOnlyForDeploymentPostprocessing = 0;
		};
/* End PBXSourcesBuildPhase section */

/* Begin PBXTargetDependency section */
		A1E2411A2CFF4C41009DE55C /* PBXTargetDependency */ = {
			isa = PBXTargetDependency;
			target = A1E241072CFF4C3F009DE55C /* ella_photo_editor */;
			targetProxy = A1E241192CFF4C41009DE55C /* PBXContainerItemProxy */;
		};
		A1E241242CFF4C41009DE55C /* PBXTargetDependency */ = {
			isa = PBXTargetDependency;
			target = A1E241072CFF4C3F009DE55C /* ella_photo_editor */;
			targetProxy = A1E241232CFF4C41009DE55C /* PBXContainerItemProxy */;
		};
/* End PBXTargetDependency section */

/* Begin XCBuildConfiguration section */
		A1E2412A2CFF4C41009DE55C /* Debug */ = {
			isa = XCBuildConfiguration;
			buildSettings = {
				ALWAYS_SEARCH_USER_PATHS = NO;
				ASSETCATALOG_COMPILER_GENERATE_SWIFT_ASSET_SYMBOL_EXTENSIONS = YES;
				CLANG_ANALYZER_NONNULL = YES;
				CLANG_ANALYZER_NUMBER_OBJECT_CONVERSION = YES_AGGRESSIVE;
				CLANG_CXX_LANGUAGE_STANDARD = "gnu++20";
				CLANG_ENABLE_MODULES = YES;
				CLANG_ENABLE_OBJC_ARC = YES;
				CLANG_ENABLE_OBJC_WEAK = YES;
				CLANG_WARN_BLOCK_CAPTURE_AUTORELEASING = YES;
				CLANG_WARN_BOOL_CONVERSION = YES;
				CLANG_WARN_COMMA = YES;
				CLANG_WARN_CONSTANT_CONVERSION = YES;
				CLANG_WARN_DEPRECATED_OBJC_IMPLEMENTATIONS = YES;
				CLANG_WARN_DIRECT_OBJC_ISA_USAGE = YES_ERROR;
				CLANG_WARN_DOCUMENTATION_COMMENTS = YES;
				CLANG_WARN_EMPTY_BODY = YES;
				CLANG_WARN_ENUM_CONVERSION = YES;
				CLANG_WARN_INFINITE_RECURSION = YES;
				CLANG_WARN_INT_CONVERSION = YES;
				CLANG_WARN_NON_LITERAL_NULL_CONVERSION = YES;
				CLANG_WARN_OBJC_IMPLICIT_RETAIN_SELF = YES;
				CLANG_WARN_OBJC_LITERAL_CONVERSION = YES;
				CLANG_WARN_OBJC_ROOT_CLASS = YES_ERROR;
				CLANG_WARN_QUOTED_INCLUDE_IN_FRAMEWORK_HEADER = YES;
				CLANG_WARN_RANGE_LOOP_ANALYSIS = YES;
				CLANG_WARN_STRICT_PROTOTYPES = YES;
				CLANG_WARN_SUSPICIOUS_MOVE = YES;
				CLANG_WARN_UNGUARDED_AVAILABILITY = YES_AGGRESSIVE;
				CLANG_WARN_UNREACHABLE_CODE = YES;
				CLANG_WARN__DUPLICATE_METHOD_MATCH = YES;
				COPY_PHASE_STRIP = NO;
				DEBUG_INFORMATION_FORMAT = dwarf;
				ENABLE_STRICT_OBJC_MSGSEND = YES;
				ENABLE_TESTABILITY = YES;
				ENABLE_USER_SCRIPT_SANDBOXING = YES;
				GCC_C_LANGUAGE_STANDARD = gnu17;
				GCC_DYNAMIC_NO_PIC = NO;
				GCC_NO_COMMON_BLOCKS = YES;
				GCC_OPTIMIZATION_LEVEL = 0;
				GCC_PREPROCESSOR_DEFINITIONS = (
					"DEBUG=1",
					"$(inherited)",
				);
				GCC_WARN_64_TO_32_BIT_CONVERSION = YES;
				GCC_WARN_ABOUT_RETURN_TYPE = YES_ERROR;
				GCC_WARN_UNDECLARED_SELECTOR = YES;
				GCC_WARN_UNINITIALIZED_AUTOS = YES_AGGRESSIVE;
				GCC_WARN_UNUSED_FUNCTION = YES;
				GCC_WARN_UNUSED_VARIABLE = YES;
				IPHONEOS_DEPLOYMENT_TARGET = 18.1;
				LOCALIZATION_PREFERS_STRING_CATALOGS = YES;
				MTL_ENABLE_DEBUG_INFO = INCLUDE_SOURCE;
				MTL_FAST_MATH = YES;
				ONLY_ACTIVE_ARCH = YES;
				SDKROOT = iphoneos;
				SWIFT_ACTIVE_COMPILATION_CONDITIONS = "DEBUG $(inherited)";
				SWIFT_OPTIMIZATION_LEVEL = "-Onone";
			};
			name = Debug;
		};
		A1E2412B2CFF4C41009DE55C /* Release */ = {
			isa = XCBuildConfiguration;
			buildSettings = {
				ALWAYS_SEARCH_USER_PATHS = NO;
				ASSETCATALOG_COMPILER_GENERATE_SWIFT_ASSET_SYMBOL_EXTENSIONS = YES;
				CLANG_ANALYZER_NONNULL = YES;
				CLANG_ANALYZER_NUMBER_OBJECT_CONVERSION = YES_AGGRESSIVE;
				CLANG_CXX_LANGUAGE_STANDARD = "gnu++20";
				CLANG_ENABLE_MODULES = YES;
				CLANG_ENABLE_OBJC_ARC = YES;
				CLANG_ENABLE_OBJC_WEAK = YES;
				CLANG_WARN_BLOCK_CAPTURE_AUTORELEASING = YES;
				CLANG_WARN_BOOL_CONVERSION = YES;
				CLANG_WARN_COMMA = YES;
				CLANG_WARN_CONSTANT_CONVERSION = YES;
				CLANG_WARN_DEPRECATED_OBJC_IMPLEMENTATIONS = YES;
				CLANG_WARN_DIRECT_OBJC_ISA_USAGE = YES_ERROR;
				CLANG_WARN_DOCUMENTATION_COMMENTS = YES;
				CLANG_WARN_EMPTY_BODY = YES;
				CLANG_WARN_ENUM_CONVERSION = YES;
				CLANG_WARN_INFINITE_RECURSION = YES;
				CLANG_WARN_INT_CONVERSION = YES;
				CLANG_WARN_NON_LITERAL_NULL_CONVERSION = YES;
				CLANG_WARN_OBJC_IMPLICIT_RETAIN_SELF = YES;
				CLANG_WARN_OBJC_LITERAL_CONVERSION = YES;
				CLANG_WARN_OBJC_ROOT_CLASS = YES_ERROR;
				CLANG_WARN_QUOTED_INCLUDE_IN_FRAMEWORK_HEADER = YES;
				CLANG_WARN_RANGE_LOOP_ANALYSIS = YES;
				CLANG_WARN_STRICT_PROTOTYPES = YES;
				CLANG_WARN_SUSPICIOUS_MOVE = YES;
				CLANG_WARN_UNGUARDED_AVAILABILITY = YES_AGGRESSIVE;
				CLANG_WARN_UNREACHABLE_CODE = YES;
				CLANG_WARN__DUPLICATE_METHOD_MATCH = YES;
				COPY_PHASE_STRIP = NO;
				DEBUG_INFORMATION_FORMAT = "dwarf-with-dsym";
				ENABLE_NS_ASSERTIONS = NO;
				ENABLE_STRICT_OBJC_MSGSEND = YES;
				ENABLE_USER_SCRIPT_SANDBOXING = YES;
				GCC_C_LANGUAGE_STANDARD = gnu17;
				GCC_NO_COMMON_BLOCKS = YES;
				GCC_WARN_64_TO_32_BIT_CONVERSION = YES;
				GCC_WARN_ABOUT_RETURN_TYPE = YES_ERROR;
				GCC_WARN_UNDECLARED_SELECTOR = YES;
				GCC_WARN_UNINITIALIZED_AUTOS = YES_AGGRESSIVE;
				GCC_WARN_UNUSED_FUNCTION = YES;
				GCC_WARN_UNUSED_VARIABLE = YES;
				IPHONEOS_DEPLOYMENT_TARGET = 18.1;
				LOCALIZATION_PREFERS_STRING_CATALOGS = YES;
				MTL_ENABLE_DEBUG_INFO = NO;
				MTL_FAST_MATH = YES;
				SDKROOT = iphoneos;
				SWIFT_COMPILATION_MODE = wholemodule;
				VALIDATE_PRODUCT = YES;
			};
			name = Release;
		};
		A1E2412D2CFF4C41009DE55C /* Debug */ = {
			isa = XCBuildConfiguration;
			buildSettings = {
				ASSETCATALOG_COMPILER_APPICON_NAME = AppIcon;
				ASSETCATALOG_COMPILER_GLOBAL_ACCENT_COLOR_NAME = AccentColor;
				CODE_SIGN_STYLE = Automatic;
				CURRENT_PROJECT_VERSION = 1;
				DEVELOPMENT_ASSET_PATHS = "\"ella_photo_editor/Preview Content\"";
				ENABLE_PREVIEWS = YES;
				GENERATE_INFOPLIST_FILE = YES;
				INFOPLIST_KEY_UIApplicationSceneManifest_Generation = YES;
				INFOPLIST_KEY_UIApplicationSupportsIndirectInputEvents = YES;
				INFOPLIST_KEY_UILaunchScreen_Generation = YES;
				INFOPLIST_KEY_UISupportedInterfaceOrientations_iPad = "UIInterfaceOrientationPortrait UIInterfaceOrientationPortraitUpsideDown UIInterfaceOrientationLandscapeLeft UIInterfaceOrientationLandscapeRight";
				INFOPLIST_KEY_UISupportedInterfaceOrientations_iPhone = "UIInterfaceOrientationPortrait UIInterfaceOrientationLandscapeLeft UIInterfaceOrientationLandscapeRight";
				LD_RUNPATH_SEARCH_PATHS = (
					"$(inherited)",
					"@executable_path/Frameworks",
				);
				MARKETING_VERSION = 1.0;
				PRODUCT_BUNDLE_IDENTIFIER = "com.vv.ella-photo-editor";
				PRODUCT_NAME = "$(TARGET_NAME)";
				SWIFT_EMIT_LOC_STRINGS = YES;
				SWIFT_VERSION = 5.0;
				TARGETED_DEVICE_FAMILY = "1,2";
			};
			name = Debug;
		};
		A1E2412E2CFF4C41009DE55C /* Release */ = {
			isa = XCBuildConfiguration;
			buildSettings = {
				ASSETCATALOG_COMPILER_APPICON_NAME = AppIcon;
				ASSETCATALOG_COMPILER_GLOBAL_ACCENT_COLOR_NAME = AccentColor;
				CODE_SIGN_STYLE = Automatic;
				CURRENT_PROJECT_VERSION = 1;
				DEVELOPMENT_ASSET_PATHS = "\"ella_photo_editor/Preview Content\"";
				ENABLE_PREVIEWS = YES;
				GENERATE_INFOPLIST_FILE = YES;
				INFOPLIST_KEY_UIApplicationSceneManifest_Generation = YES;
				INFOPLIST_KEY_UIApplicationSupportsIndirectInputEvents = YES;
				INFOPLIST_KEY_UILaunchScreen_Generation = YES;
				INFOPLIST_KEY_UISupportedInterfaceOrientations_iPad = "UIInterfaceOrientationPortrait UIInterfaceOrientationPortraitUpsideDown UIInterfaceOrientationLandscapeLeft UIInterfaceOrientationLandscapeRight";
				INFOPLIST_KEY_UISupportedInterfaceOrientations_iPhone = "UIInterfaceOrientationPortrait UIInterfaceOrientationLandscapeLeft UIInterfaceOrientationLandscapeRight";
				LD_RUNPATH_SEARCH_PATHS = (
					"$(inherited)",
					"@executable_path/Frameworks",
				);
				MARKETING_VERSION = 1.0;
				PRODUCT_BUNDLE_IDENTIFIER = "com.vv.ella-photo-editor";
				PRODUCT_NAME = "$(TARGET_NAME)";
				SWIFT_EMIT_LOC_STRINGS = YES;
				SWIFT_VERSION = 5.0;
				TARGETED_DEVICE_FAMILY = "1,2";
			};
			name = Release;
		};
		A1E241302CFF4C41009DE55C /* Debug */ = {
			isa = XCBuildConfiguration;
			buildSettings = {
				BUNDLE_LOADER = "$(TEST_HOST)";
				CODE_SIGN_STYLE = Automatic;
				CURRENT_PROJECT_VERSION = 1;
				GENERATE_INFOPLIST_FILE = YES;
				IPHONEOS_DEPLOYMENT_TARGET = 18.1;
				MARKETING_VERSION = 1.0;
				PRODUCT_BUNDLE_IDENTIFIER = "com.vv.ella-photo-editorTests";
				PRODUCT_NAME = "$(TARGET_NAME)";
				SWIFT_EMIT_LOC_STRINGS = NO;
				SWIFT_VERSION = 5.0;
				TARGETED_DEVICE_FAMILY = "1,2";
				TEST_HOST = "$(BUILT_PRODUCTS_DIR)/ella_photo_editor.app/$(BUNDLE_EXECUTABLE_FOLDER_PATH)/ella_photo_editor";
			};
			name = Debug;
		};
		A1E241312CFF4C41009DE55C /* Release */ = {
			isa = XCBuildConfiguration;
			buildSettings = {
				BUNDLE_LOADER = "$(TEST_HOST)";
				CODE_SIGN_STYLE = Automatic;
				CURRENT_PROJECT_VERSION = 1;
				GENERATE_INFOPLIST_FILE = YES;
				IPHONEOS_DEPLOYMENT_TARGET = 18.1;
				MARKETING_VERSION = 1.0;
				PRODUCT_BUNDLE_IDENTIFIER = "com.vv.ella-photo-editorTests";
				PRODUCT_NAME = "$(TARGET_NAME)";
				SWIFT_EMIT_LOC_STRINGS = NO;
				SWIFT_VERSION = 5.0;
				TARGETED_DEVICE_FAMILY = "1,2";
				TEST_HOST = "$(BUILT_PRODUCTS_DIR)/ella_photo_editor.app/$(BUNDLE_EXECUTABLE_FOLDER_PATH)/ella_photo_editor";
			};
			name = Release;
		};
		A1E241332CFF4C41009DE55C /* Debug */ = {
			isa = XCBuildConfiguration;
			buildSettings = {
				CODE_SIGN_STYLE = Automatic;
				CURRENT_PROJECT_VERSION = 1;
				GENERATE_INFOPLIST_FILE = YES;
				MARKETING_VERSION = 1.0;
				PRODUCT_BUNDLE_IDENTIFIER = "com.vv.ella-photo-editorUITests";
				PRODUCT_NAME = "$(TARGET_NAME)";
				SWIFT_EMIT_LOC_STRINGS = NO;
				SWIFT_VERSION = 5.0;
				TARGETED_DEVICE_FAMILY = "1,2";
				TEST_TARGET_NAME = ella_photo_editor;
			};
			name = Debug;
		};
		A1E241342CFF4C41009DE55C /* Release */ = {
			isa = XCBuildConfiguration;
			buildSettings = {
				CODE_SIGN_STYLE = Automatic;
				CURRENT_PROJECT_VERSION = 1;
				GENERATE_INFOPLIST_FILE = YES;
				MARKETING_VERSION = 1.0;
				PRODUCT_BUNDLE_IDENTIFIER = "com.vv.ella-photo-editorUITests";
				PRODUCT_NAME = "$(TARGET_NAME)";
				SWIFT_EMIT_LOC_STRINGS = NO;
				SWIFT_VERSION = 5.0;
				TARGETED_DEVICE_FAMILY = "1,2";
				TEST_TARGET_NAME = ella_photo_editor;
			};
			name = Release;
		};
/* End XCBuildConfiguration section */

/* Begin XCConfigurationList section */
		A1E241032CFF4C3F009DE55C /* Build configuration list for PBXProject "ella_photo_editor" */ = {
			isa = XCConfigurationList;
			buildConfigurations = (
				A1E2412A2CFF4C41009DE55C /* Debug */,
				A1E2412B2CFF4C41009DE55C /* Release */,
			);
			defaultConfigurationIsVisible = 0;
			defaultConfigurationName = Release;
		};
		A1E2412C2CFF4C41009DE55C /* Build configuration list for PBXNativeTarget "ella_photo_editor" */ = {
			isa = XCConfigurationList;
			buildConfigurations = (
				A1E2412D2CFF4C41009DE55C /* Debug */,
				A1E2412E2CFF4C41009DE55C /* Release */,
			);
			defaultConfigurationIsVisible = 0;
			defaultConfigurationName = Release;
		};
		A1E2412F2CFF4C41009DE55C /* Build configuration list for PBXNativeTarget "ella_photo_editorTests" */ = {
			isa = XCConfigurationList;
			buildConfigurations = (
				A1E241302CFF4C41009DE55C /* Debug */,
				A1E241312CFF4C41009DE55C /* Release */,
			);
			defaultConfigurationIsVisible = 0;
			defaultConfigurationName = Release;
		};
		A1E241322CFF4C41009DE55C /* Build configuration list for PBXNativeTarget "ella_photo_editorUITests" */ = {
			isa = XCConfigurationList;
			buildConfigurations = (
				A1E241332CFF4C41009DE55C /* Debug */,
				A1E241342CFF4C41009DE55C /* Release */,
			);
			defaultConfigurationIsVisible = 0;
			defaultConfigurationName = Release;
		};
/* End XCConfigurationList section */
	};
	rootObject = A1E241002CFF4C3F009DE55C /* Project object */;
}
